
Microsoft Visual Studio Solution File, Format Version 12.00
# Visual Studio Version 17
VisualStudioVersion = 17.11.35208.52
MinimumVisualStudioVersion = 10.0.40219.1
Project("{FAE04EC0-301F-11D3-BF4B-00C04F79EFBC}") = "leader board", "leader board\leader board.csproj", "{AA6259C3-710D-44C8-BA03-083151126C74}"
EndProject
Global
	GlobalSection(SolutionConfigurationPlatforms) = preSolution
		Debug|Any CPU = Debug|Any CPU
		Release|Any CPU = Release|Any CPU
	EndGlobalSection
	GlobalSection(ProjectConfigurationPlatforms) = postSolution
		{AA6259C3-710D-44C8-BA03-083151126C74}.Debug|Any CPU.ActiveCfg = Debug|Any CPU
		{AA6259C3-710D-44C8-BA03-083151126C74}.Debug|Any CPU.Build.0 = Debug|Any CPU
		{AA6259C3-710D-44C8-BA03-083151126C74}.Release|Any CPU.ActiveCfg = Release|Any CPU
		{AA6259C3-710D-44C8-BA03-083151126C74}.Release|Any CPU.Build.0 = Release|Any CPU
	EndGlobalSection
	GlobalSection(SolutionProperties) = preSolution
		HideSolutionNode = FALSE
	EndGlobalSection
	GlobalSection(ExtensibilityGlobals) = postSolution
		SolutionGuid = {289C8FA7-DD7A-41AF-A64A-ADF3CA78585F}
	EndGlobalSection
EndGlobal
